
Microsoft Visual Studio Solution File, Format Version 12.00
# Visual Studio Version 17
VisualStudioVersion = 17.14.37203.1 d17.14
MinimumVisualStudioVersion = 10.0.40219.1
Project("{FAE04EC0-301F-11D3-BF4B-00C04F79EFBC}") = "DataStructures", "DataStructures.csproj", "{E32BD2E3-A2BB-4CD2-95D2-229467FB2CBD}"
EndProject
Global
	GlobalSection(SolutionConfigurationPlatforms) = preSolution
		Debug|Any CPU = Debug|Any CPU
		Release|Any CPU = Release|Any CPU
	EndGlobalSection
	GlobalSection(ProjectConfigurationPlatforms) = postSolution
		{E32BD2E3-A2BB-4CD2-95D2-229467FB2CBD}.Debug|Any CPU.ActiveCfg = Debug|Any CPU
		{E32BD2E3-A2BB-4CD2-95D2-229467FB2CBD}.Debug|Any CPU.Build.0 = Debug|Any CPU
		{E32BD2E3-A2BB-4CD2-95D2-229467FB2CBD}.Release|Any CPU.ActiveCfg = Release|Any CPU
		{E32BD2E3-A2BB-4CD2-95D2-229467FB2CBD}.Release|Any CPU.Build.0 = Release|Any CPU
	EndGlobalSection
	GlobalSection(SolutionProperties) = preSolution
		HideSolutionNode = FALSE
	EndGlobalSection
	GlobalSection(ExtensibilityGlobals) = postSolution
		SolutionGuid = {D1BB70A7-F131-4867-8747-91936145BDEA}
	EndGlobalSection
EndGlobal
